
Microsoft Visual Studio Solution File, Format Version 12.00
# Visual Studio Version 16
VisualStudioVersion = 16.0.31424.327
MinimumVisualStudioVersion = 10.0.40219.1
Project("{FAE04EC0-301F-11D3-BF4B-00C04F79EFBC}") = "三進原料", "三進原料\三進原料.csproj", "{D43B905F-43A3-44DC-BBBD-91A98C3746A2}"
EndProject
Project("{54435603-DBB4-11D2-8724-00A0C9A8B90C}") = "採購安裝檔", "採購安裝檔\採購安裝檔.vdproj", "{2393BB27-A345-4FC8-A292-DFADF8570F3A}"
EndProject
Global
	GlobalSection(SolutionConfigurationPlatforms) = preSolution
		Debug|Any CPU = Debug|Any CPU
		Release|Any CPU = Release|Any CPU
	EndGlobalSection
	GlobalSection(ProjectConfigurationPlatforms) = postSolution
		{D43B905F-43A3-44DC-BBBD-91A98C3746A2}.Debug|Any CPU.ActiveCfg = Debug|Any CPU
		{D43B905F-43A3-44DC-BBBD-91A98C3746A2}.Debug|Any CPU.Build.0 = Debug|Any CPU
		{D43B905F-43A3-44DC-BBBD-91A98C3746A2}.Release|Any CPU.ActiveCfg = Release|Any CPU
		{D43B905F-43A3-44DC-BBBD-91A98C3746A2}.Release|Any CPU.Build.0 = Release|Any CPU
		{2393BB27-A345-4FC8-A292-DFADF8570F3A}.Debug|Any CPU.ActiveCfg = Debug
		{2393BB27-A345-4FC8-A292-DFADF8570F3A}.Release|Any CPU.ActiveCfg = Release
	EndGlobalSection
	GlobalSection(SolutionProperties) = preSolution
		HideSolutionNode = FALSE
	EndGlobalSection
	GlobalSection(ExtensibilityGlobals) = postSolution
		SolutionGuid = {B3D92AE4-26BC-4B77-B11C-6DED55CD1CF1}
	EndGlobalSection
EndGlobal
